{
  "name": "radio-sai-alexa-skill",
  "version": "1.2.0",
  "lockfileVersion": 1,
  "requires": true,
  "dependencies": {
    "ask-sdk": {
      "version": "2.10.0",
      "resolved": "https://registry.npmjs.org/ask-sdk/-/ask-sdk-2.10.0.tgz",
      "integrity": "sha1-hJb9qPCY9MEIBe9oafdch75A/oA=",
      "requires": {
        "ask-sdk-core": "^2.10.0",
        "ask-sdk-dynamodb-persistence-adapter": "^2.10.0",
        "ask-sdk-model": "^1.29.0"
      }
    },
    "ask-sdk-core": {
      "version": "2.10.1",
      "resolved": "https://registry.npmjs.org/ask-sdk-core/-/ask-sdk-core-2.10.1.tgz",
      "integrity": "sha1-2p3BseOyPE6cuUoIh0nnDirYJpg=",
      "requires": {
        "ask-sdk-runtime": "^2.10.1"
      }
    },
    "ask-sdk-dynamodb-persistence-adapter": {
      "version": "2.10.0",
      "resolved": "https://registry.npmjs.org/ask-sdk-dynamodb-persistence-adapter/-/ask-sdk-dynamodb-persistence-adapter-2.10.0.tgz",
      "integrity": "sha1-+fAhSYfmd+CYb1T8oPVm+qq6zh0=",
      "requires": {
        "aws-sdk": "^2.163.0"
      }
    },
    "ask-sdk-model": {
      "version": "1.34.1",
      "resolved": "https://registry.npmjs.org/ask-sdk-model/-/ask-sdk-model-1.34.1.tgz",
      "integrity": "sha1-07lXyyNo8nN1/TeB7OTY1sbfe6w="
    },
    "ask-sdk-runtime": {
      "version": "2.10.1",
      "resolved": "https://registry.npmjs.org/ask-sdk-runtime/-/ask-sdk-runtime-2.10.1.tgz",
      "integrity": "sha1-crihV8n1BS9D9/WSdyy7G+vUzm8="
    },
    "aws-sdk": {
      "version": "2.799.0",
      "resolved": "https://registry.npmjs.org/aws-sdk/-/aws-sdk-2.799.0.tgz",
      "integrity": "sha1-ixpkwan4zPV5TrB73YBR5Mtq3P0=",
      "requires": {
        "buffer": "4.9.2",
        "events": "1.1.1",
        "ieee754": "1.1.13",
        "jmespath": "0.15.0",
        "querystring": "0.2.0",
        "sax": "1.2.1",
        "url": "0.10.3",
        "uuid": "3.3.2",
        "xml2js": "0.4.19"
      }
    },
    "base64-js": {
      "version": "1.5.1",
      "resolved": "https://registry.npmjs.org/base64-js/-/base64-js-1.5.1.tgz",
      "integrity": "sha1-GxtEAWClv3rUC2UPCVljSBkDkwo="
    },
    "buffer": {
      "version": "4.9.2",
      "resolved": "https://registry.npmjs.org/buffer/-/buffer-4.9.2.tgz",
      "integrity": "sha1-Iw6tNEACmIZEhBqwJEr4xEu+Pvg=",
      "requires": {
        "base64-js": "^1.0.2",
        "ieee754": "^1.1.4",
        "isarray": "^1.0.0"
      }
    },
    "events": {
      "version": "1.1.1",
      "resolved": "https://registry.npmjs.org/events/-/events-1.1.1.tgz",
      "integrity": "sha1-nr23Y1rQmccNzEwqH1AEKI6L2SQ="
    },
    "i18next": {
      "version": "11.8.0",
      "resolved": "https://registry.npmjs.org/i18next/-/i18next-11.8.0.tgz",
      "integrity": "sha1-/YHzx9YDRBpTleUVhdkGtUccToA="
    },
    "i18next-sprintf-postprocessor": {
      "version": "0.2.2",
      "resolved": "https://registry.npmjs.org/i18next-sprintf-postprocessor/-/i18next-sprintf-postprocessor-0.2.2.tgz",
      "integrity": "sha1-LkCfEENXk4Jpi2otpwzapVHWfqQ="
    },
    "ieee754": {
      "version": "1.1.13",
      "resolved": "https://registry.npmjs.org/ieee754/-/ieee754-1.1.13.tgz",
      "integrity": "sha1-7BaFWOlaoYH9h9N/VcMrvLZwi4Q="
    },
    "isarray": {
      "version": "1.0.0",
      "resolved": "https://registry.npmjs.org/isarray/-/isarray-1.0.0.tgz",
      "integrity": "sha1-u5NdSFgsuhaMBoNJV6VKPgcSTxE="
    },
    "jmespath": {
      "version": "0.15.0",
      "resolved": "https://registry.npmjs.org/jmespath/-/jmespath-0.15.0.tgz",
      "integrity": "sha1-o/Iiqarp+Wb10nx5ZRDigJF2Qhc="
    },
    "punycode": {
      "version": "1.3.2",
      "resolved": "https://registry.npmjs.org/punycode/-/punycode-1.3.2.tgz",
      "integrity": "sha1-llOgNvt8HuQjQvIyXM7v6jkmxI0="
    },
    "querystring": {
      "version": "0.2.0",
      "resolved": "https://registry.npmjs.org/querystring/-/querystring-0.2.0.tgz",
      "integrity": "sha1-sgmEkgO7Jd+CDadW50cAWHhSFiA="
    },
    "sax": {
      "version": "1.2.1",
      "resolved": "https://registry.npmjs.org/sax/-/sax-1.2.1.tgz",
      "integrity": "sha1-e45lYZCyKOgaZq6nSEgNgozS03o="
    },
    "url": {
      "version": "0.10.3",
      "resolved": "https://registry.npmjs.org/url/-/url-0.10.3.tgz",
      "integrity": "sha1-Ah5NnHcF8hu/N9A861h2dAJ3TGQ=",
      "requires": {
        "punycode": "1.3.2",
        "querystring": "0.2.0"
      }
    },
    "uuid": {
      "version": "3.3.2",
      "resolved": "https://registry.npmjs.org/uuid/-/uuid-3.3.2.tgz",
      "integrity": "sha1-G0r0lV6zB3xQHCOHL8ZROBFYcTE="
    },
    "xml2js": {
      "version": "0.4.19",
      "resolved": "https://registry.npmjs.org/xml2js/-/xml2js-0.4.19.tgz",
      "integrity": "sha1-aGwg8hMgnpSr8NG88e+qKRx4J6c=",
      "requires": {
        "sax": ">=0.6.0",
        "xmlbuilder": "~9.0.1"
      }
    },
    "xmlbuilder": {
      "version": "9.0.7",
      "resolved": "https://registry.npmjs.org/xmlbuilder/-/xmlbuilder-9.0.7.tgz",
      "integrity": "sha1-Ey7mPS7FVlxVfiD0wi35rKaGsQ0="
    }
  }
}
